
Microsoft Visual Studio Solution File, Format Version 12.00
# Visual Studio 2013
VisualStudioVersion = 12.0.40629.0
MinimumVisualStudioVersion = 10.0.40219.1
Project("{FAE04EC0-301F-11D3-BF4B-00C04F79EFBC}") = "BouncyCastle_Implement_ECC384", "BouncyCastle_Implement_ECC384\BouncyCastle_Implement_ECC384.csproj", "{29BDBF3B-E00B-4AC0-B5B9-BA65A8AA69A3}"
EndProject
Project("{FAE04EC0-301F-11D3-BF4B-00C04F79EFBC}") = "Sign_Verify", "Sign_Verify\Sign_Verify.csproj", "{02182B6F-0DCC-4D45-95A0-060F90B0A407}"
EndProject
Global
	GlobalSection(SolutionConfigurationPlatforms) = preSolution
		Debug|Any CPU = Debug|Any CPU
		Release|Any CPU = Release|Any CPU
	EndGlobalSection
	GlobalSection(ProjectConfigurationPlatforms) = postSolution
		{29BDBF3B-E00B-4AC0-B5B9-BA65A8AA69A3}.Debug|Any CPU.ActiveCfg = Debug|Any CPU
		{29BDBF3B-E00B-4AC0-B5B9-BA65A8AA69A3}.Debug|Any CPU.Build.0 = Debug|Any CPU
		{29BDBF3B-E00B-4AC0-B5B9-BA65A8AA69A3}.Release|Any CPU.ActiveCfg = Release|Any CPU
		{29BDBF3B-E00B-4AC0-B5B9-BA65A8AA69A3}.Release|Any CPU.Build.0 = Release|Any CPU
		{02182B6F-0DCC-4D45-95A0-060F90B0A407}.Debug|Any CPU.ActiveCfg = Debug|Any CPU
		{02182B6F-0DCC-4D45-95A0-060F90B0A407}.Debug|Any CPU.Build.0 = Debug|Any CPU
		{02182B6F-0DCC-4D45-95A0-060F90B0A407}.Release|Any CPU.ActiveCfg = Release|Any CPU
		{02182B6F-0DCC-4D45-95A0-060F90B0A407}.Release|Any CPU.Build.0 = Release|Any CPU
	EndGlobalSection
	GlobalSection(SolutionProperties) = preSolution
		HideSolutionNode = FALSE
	EndGlobalSection
EndGlobal
